
Microsoft Visual Studio Solution File, Format Version 12.00
# Visual Studio 15
VisualStudioVersion = 15.0.33801.198
MinimumVisualStudioVersion = 10.0.40219.1
Project("{8BC9CEB8-8B4A-11D0-8D11-00A0C91BC942}") = "hexCodeReader", "hexCodeReader.vcxproj", "{0A00CF8B-BD17-4B4B-BC6D-29B60E853947}"
EndProject
Global
	GlobalSection(SolutionConfigurationPlatforms) = preSolution
		Debug|x64 = Debug|x64
		Debug|x86 = Debug|x86
		Release|x64 = Release|x64
		Release|x86 = Release|x86
	EndGlobalSection
	GlobalSection(ProjectConfigurationPlatforms) = postSolution
		{0A00CF8B-BD17-4B4B-BC6D-29B60E853947}.Debug|x64.ActiveCfg = Debug|x64
		{0A00CF8B-BD17-4B4B-BC6D-29B60E853947}.Debug|x64.Build.0 = Debug|x64
		{0A00CF8B-BD17-4B4B-BC6D-29B60E853947}.Debug|x86.ActiveCfg = Debug|Win32
		{0A00CF8B-BD17-4B4B-BC6D-29B60E853947}.Debug|x86.Build.0 = Debug|Win32
		{0A00CF8B-BD17-4B4B-BC6D-29B60E853947}.Release|x64.ActiveCfg = Release|x64
		{0A00CF8B-BD17-4B4B-BC6D-29B60E853947}.Release|x64.Build.0 = Release|x64
		{0A00CF8B-BD17-4B4B-BC6D-29B60E853947}.Release|x86.ActiveCfg = Release|Win32
		{0A00CF8B-BD17-4B4B-BC6D-29B60E853947}.Release|x86.Build.0 = Release|Win32
	EndGlobalSection
	GlobalSection(SolutionProperties) = preSolution
		HideSolutionNode = FALSE
	EndGlobalSection
	GlobalSection(ExtensibilityGlobals) = postSolution
		SolutionGuid = {67B3BDA6-514B-41B5-9C00-03AB4CB53052}
	EndGlobalSection
EndGlobal
